
Microsoft Visual Studio Solution File, Format Version 12.00
# Visual Studio Version 17
VisualStudioVersion = 17.9.34728.123
MinimumVisualStudioVersion = 10.0.40219.1
Project("{FAE04EC0-301F-11D3-BF4B-00C04F79EFBC}") = "SFmodule15", "SFmodule15\SFmodule15.csproj", "{16704385-558F-4F93-B8EC-68CCF3440CC1}"
EndProject
Project("{FAE04EC0-301F-11D3-BF4B-00C04F79EFBC}") = "Task1.4", "Task1.4\Task1.4.csproj", "{A759CBBF-64F5-4FB9-9325-D8A70DAD683F}"
EndProject
Project("{FAE04EC0-301F-11D3-BF4B-00C04F79EFBC}") = "Task1.5", "Task1.5\Task1.5.csproj", "{3CD40340-DD47-4AB1-A907-2017A38572A5}"
EndProject
Global
	GlobalSection(SolutionConfigurationPlatforms) = preSolution
		Debug|Any CPU = Debug|Any CPU
		Release|Any CPU = Release|Any CPU
	EndGlobalSection
	GlobalSection(ProjectConfigurationPlatforms) = postSolution
		{16704385-558F-4F93-B8EC-68CCF3440CC1}.Debug|Any CPU.ActiveCfg = Debug|Any CPU
		{16704385-558F-4F93-B8EC-68CCF3440CC1}.Debug|Any CPU.Build.0 = Debug|Any CPU
		{16704385-558F-4F93-B8EC-68CCF3440CC1}.Release|Any CPU.ActiveCfg = Release|Any CPU
		{16704385-558F-4F93-B8EC-68CCF3440CC1}.Release|Any CPU.Build.0 = Release|Any CPU
		{A759CBBF-64F5-4FB9-9325-D8A70DAD683F}.Debug|Any CPU.ActiveCfg = Debug|Any CPU
		{A759CBBF-64F5-4FB9-9325-D8A70DAD683F}.Debug|Any CPU.Build.0 = Debug|Any CPU
		{A759CBBF-64F5-4FB9-9325-D8A70DAD683F}.Release|Any CPU.ActiveCfg = Release|Any CPU
		{A759CBBF-64F5-4FB9-9325-D8A70DAD683F}.Release|Any CPU.Build.0 = Release|Any CPU
		{3CD40340-DD47-4AB1-A907-2017A38572A5}.Debug|Any CPU.ActiveCfg = Debug|Any CPU
		{3CD40340-DD47-4AB1-A907-2017A38572A5}.Debug|Any CPU.Build.0 = Debug|Any CPU
		{3CD40340-DD47-4AB1-A907-2017A38572A5}.Release|Any CPU.ActiveCfg = Release|Any CPU
		{3CD40340-DD47-4AB1-A907-2017A38572A5}.Release|Any CPU.Build.0 = Release|Any CPU
	EndGlobalSection
	GlobalSection(SolutionProperties) = preSolution
		HideSolutionNode = FALSE
	EndGlobalSection
	GlobalSection(ExtensibilityGlobals) = postSolution
		SolutionGuid = {83D28D7C-8C18-481B-8B8A-1BC272E55777}
	EndGlobalSection
EndGlobal
