
Microsoft Visual Studio Solution File, Format Version 12.00
# Visual Studio Version 17
VisualStudioVersion = 17.9.34728.123
MinimumVisualStudioVersion = 10.0.40219.1
Project("{9A19103F-16F7-4668-BE54-9A1E7A4F7556}") = "SFmodule15", "SFmodule15\SFmodule15.csproj", "{16704385-558F-4F93-B8EC-68CCF3440CC1}"
EndProject
Project("{9A19103F-16F7-4668-BE54-9A1E7A4F7556}") = "Task1.4", "Task1.4\Task1.4.csproj", "{A759CBBF-64F5-4FB9-9325-D8A70DAD683F}"
EndProject
Project("{9A19103F-16F7-4668-BE54-9A1E7A4F7556}") = "Task1.5", "Task1.5\Task1.5.csproj", "{3CD40340-DD47-4AB1-A907-2017A38572A5}"
EndProject
Project("{9A19103F-16F7-4668-BE54-9A1E7A4F7556}") = "Task1.6", "Task1.6\Task1.6.csproj", "{BBA0691E-CE4B-44B1-BCAD-EA7434450C42}"
EndProject
Project("{9A19103F-16F7-4668-BE54-9A1E7A4F7556}") = "Task2.1", "Task2.1\Task2.1.csproj", "{2965F5C1-87E0-4399-8A41-A89EA1C874C9}"
EndProject
Project("{9A19103F-16F7-4668-BE54-9A1E7A4F7556}") = "Task2.2", "Task2.2\Task2.2.csproj", "{A00187CA-B441-4A44-B9C9-A7AADCF035E4}"
EndProject
Project("{FAE04EC0-301F-11D3-BF4B-00C04F79EFBC}") = "Task2.8", "Task2.8\Task2.8.csproj", "{E8684ABB-12FB-4EBE-B5FB-DE97ECAB33A0}"
EndProject
Project("{FAE04EC0-301F-11D3-BF4B-00C04F79EFBC}") = "Task3.3", "Task3.3\Task3.3.csproj", "{3328C0A1-7C12-44A2-9E9B-DF5788B1798F}"
EndProject
Global
	GlobalSection(SolutionConfigurationPlatforms) = preSolution
		Debug|Any CPU = Debug|Any CPU
		Release|Any CPU = Release|Any CPU
	EndGlobalSection
	GlobalSection(ProjectConfigurationPlatforms) = postSolution
		{16704385-558F-4F93-B8EC-68CCF3440CC1}.Debug|Any CPU.ActiveCfg = Debug|Any CPU
		{16704385-558F-4F93-B8EC-68CCF3440CC1}.Debug|Any CPU.Build.0 = Debug|Any CPU
		{16704385-558F-4F93-B8EC-68CCF3440CC1}.Release|Any CPU.ActiveCfg = Release|Any CPU
		{16704385-558F-4F93-B8EC-68CCF3440CC1}.Release|Any CPU.Build.0 = Release|Any CPU
		{A759CBBF-64F5-4FB9-9325-D8A70DAD683F}.Debug|Any CPU.ActiveCfg = Debug|Any CPU
		{A759CBBF-64F5-4FB9-9325-D8A70DAD683F}.Debug|Any CPU.Build.0 = Debug|Any CPU
		{A759CBBF-64F5-4FB9-9325-D8A70DAD683F}.Release|Any CPU.ActiveCfg = Release|Any CPU
		{A759CBBF-64F5-4FB9-9325-D8A70DAD683F}.Release|Any CPU.Build.0 = Release|Any CPU
		{3CD40340-DD47-4AB1-A907-2017A38572A5}.Debug|Any CPU.ActiveCfg = Debug|Any CPU
		{3CD40340-DD47-4AB1-A907-2017A38572A5}.Debug|Any CPU.Build.0 = Debug|Any CPU
		{3CD40340-DD47-4AB1-A907-2017A38572A5}.Release|Any CPU.ActiveCfg = Release|Any CPU
		{3CD40340-DD47-4AB1-A907-2017A38572A5}.Release|Any CPU.Build.0 = Release|Any CPU
		{BBA0691E-CE4B-44B1-BCAD-EA7434450C42}.Debug|Any CPU.ActiveCfg = Debug|Any CPU
		{BBA0691E-CE4B-44B1-BCAD-EA7434450C42}.Debug|Any CPU.Build.0 = Debug|Any CPU
		{BBA0691E-CE4B-44B1-BCAD-EA7434450C42}.Release|Any CPU.ActiveCfg = Release|Any CPU
		{BBA0691E-CE4B-44B1-BCAD-EA7434450C42}.Release|Any CPU.Build.0 = Release|Any CPU
		{2965F5C1-87E0-4399-8A41-A89EA1C874C9}.Debug|Any CPU.ActiveCfg = Debug|Any CPU
		{2965F5C1-87E0-4399-8A41-A89EA1C874C9}.Debug|Any CPU.Build.0 = Debug|Any CPU
		{2965F5C1-87E0-4399-8A41-A89EA1C874C9}.Release|Any CPU.ActiveCfg = Release|Any CPU
		{2965F5C1-87E0-4399-8A41-A89EA1C874C9}.Release|Any CPU.Build.0 = Release|Any CPU
		{A00187CA-B441-4A44-B9C9-A7AADCF035E4}.Debug|Any CPU.ActiveCfg = Debug|Any CPU
		{A00187CA-B441-4A44-B9C9-A7AADCF035E4}.Debug|Any CPU.Build.0 = Debug|Any CPU
		{A00187CA-B441-4A44-B9C9-A7AADCF035E4}.Release|Any CPU.ActiveCfg = Release|Any CPU
		{A00187CA-B441-4A44-B9C9-A7AADCF035E4}.Release|Any CPU.Build.0 = Release|Any CPU
		{E8684ABB-12FB-4EBE-B5FB-DE97ECAB33A0}.Debug|Any CPU.ActiveCfg = Debug|Any CPU
		{E8684ABB-12FB-4EBE-B5FB-DE97ECAB33A0}.Debug|Any CPU.Build.0 = Debug|Any CPU
		{E8684ABB-12FB-4EBE-B5FB-DE97ECAB33A0}.Release|Any CPU.ActiveCfg = Release|Any CPU
		{E8684ABB-12FB-4EBE-B5FB-DE97ECAB33A0}.Release|Any CPU.Build.0 = Release|Any CPU
		{3328C0A1-7C12-44A2-9E9B-DF5788B1798F}.Debug|Any CPU.ActiveCfg = Debug|Any CPU
		{3328C0A1-7C12-44A2-9E9B-DF5788B1798F}.Debug|Any CPU.Build.0 = Debug|Any CPU
		{3328C0A1-7C12-44A2-9E9B-DF5788B1798F}.Release|Any CPU.ActiveCfg = Release|Any CPU
		{3328C0A1-7C12-44A2-9E9B-DF5788B1798F}.Release|Any CPU.Build.0 = Release|Any CPU
	EndGlobalSection
	GlobalSection(SolutionProperties) = preSolution
		HideSolutionNode = FALSE
	EndGlobalSection
	GlobalSection(ExtensibilityGlobals) = postSolution
		SolutionGuid = {83D28D7C-8C18-481B-8B8A-1BC272E55777}
	EndGlobalSection
EndGlobal
